
Microsoft Visual Studio Solution File, Format Version 12.00
# Visual Studio Version 17
VisualStudioVersion = 17.2.32616.157
MinimumVisualStudioVersion = 10.0.40219.1
Project("{9A19103F-16F7-4668-BE54-9A1E7A4F7556}") = "ExcelDiagramReplacer", "ExcelDiagramReplacer\ExcelDiagramReplacer.csproj", "{F07A63A4-0DEE-4ADA-AD8A-264C731E6FDA}"
EndProject
Global
	GlobalSection(SolutionConfigurationPlatforms) = preSolution
		Debug|Any CPU = Debug|Any CPU
		Release|Any CPU = Release|Any CPU
	EndGlobalSection
	GlobalSection(ProjectConfigurationPlatforms) = postSolution
		{F07A63A4-0DEE-4ADA-AD8A-264C731E6FDA}.Debug|Any CPU.ActiveCfg = Debug|Any CPU
		{F07A63A4-0DEE-4ADA-AD8A-264C731E6FDA}.Debug|Any CPU.Build.0 = Debug|Any CPU
		{F07A63A4-0DEE-4ADA-AD8A-264C731E6FDA}.Release|Any CPU.ActiveCfg = Release|Any CPU
		{F07A63A4-0DEE-4ADA-AD8A-264C731E6FDA}.Release|Any CPU.Build.0 = Release|Any CPU
	EndGlobalSection
	GlobalSection(SolutionProperties) = preSolution
		HideSolutionNode = FALSE
	EndGlobalSection
	GlobalSection(ExtensibilityGlobals) = postSolution
		SolutionGuid = {731A6D02-99B3-4409-A33D-D8EF9DD25F74}
	EndGlobalSection
EndGlobal
